// !$*UTF8*$!
{
	archiveVersion = 1;
	classes = {
	};
	objectVersion = 46;
	objects = {

/* Begin PBXBuildFile section */
		04B75A4C1EC43F61002ECEF7 /* main.m in Sources */ = {isa = PBXBuildFile; fileRef = 04B75A4B1EC43F61002ECEF7 /* main.m */; };
		04B75A4F1EC43F61002ECEF7 /* AppDelegate.m in Sources */ = {isa = PBXBuildFile; fileRef = 04B75A4E1EC43F61002ECEF7 /* AppDelegate.m */; };
		04B75A521EC43F61002ECEF7 /* ViewController.m in Sources */ = {isa = PBXBuildFile; fileRef = 04B75A511EC43F61002ECEF7 /* ViewController.m */; };
		04B75A551EC43F61002ECEF7 /* Main.storyboard in Resources */ = {isa = PBXBuildFile; fileRef = 04B75A531EC43F61002ECEF7 /* Main.storyboard */; };
		04B75A581EC43F61002ECEF7 /* dispatch_semaphore_____.xcdatamodeld in Sources */ = {isa = PBXBuildFile; fileRef = 04B75A561EC43F61002ECEF7 /* dispatch_semaphore_____.xcdatamodeld */; };
		04B75A5A1EC43F61002ECEF7 /* Assets.xcassets in Resources */ = {isa = PBXBuildFile; fileRef = 04B75A591EC43F61002ECEF7 /* Assets.xcassets */; };
		04B75A5D1EC43F61002ECEF7 /* LaunchScreen.storyboard in Resources */ = {isa = PBXBuildFile; fileRef = 04B75A5B1EC43F61002ECEF7 /* LaunchScreen.storyboard */; };
/* End PBXBuildFile section */

/* Begin PBXFileReference section */
		04B75A471EC43F61002ECEF7 /* dispatch_semaphore(信号量）.app */ = {isa = PBXFileReference; explicitFileType = wrapper.application; includeInIndex = 0; path = "dispatch_semaphore(信号量）.app"; sourceTree = BUILT_PRODUCTS_DIR; };
		04B75A4B1EC43F61002ECEF7 /* main.m */ = {isa = PBXFileReference; lastKnownFileType = sourcecode.c.objc; path = main.m; sourceTree = "<group>"; };
		04B75A4D1EC43F61002ECEF7 /* AppDelegate.h */ = {isa = PBXFileReference; lastKnownFileType = sourcecode.c.h; path = AppDelegate.h; sourceTree = "<group>"; };
		04B75A4E1EC43F61002ECEF7 /* AppDelegate.m */ = {isa = PBXFileReference; lastKnownFileType = sourcecode.c.objc; path = AppDelegate.m; sourceTree = "<group>"; };
		04B75A501EC43F61002ECEF7 /* ViewController.h */ = {isa = PBXFileReference; lastKnownFileType = sourcecode.c.h; path = ViewController.h; sourceTree = "<group>"; };
		04B75A511EC43F61002ECEF7 /* ViewController.m */ = {isa = PBXFileReference; lastKnownFileType = sourcecode.c.objc; path = ViewController.m; sourceTree = "<group>"; };
		04B75A541EC43F61002ECEF7 /* Base */ = {isa = PBXFileReference; lastKnownFileType = file.storyboard; name = Base; path = Base.lproj/Main.storyboard; sourceTree = "<group>"; };
		04B75A571EC43F61002ECEF7 /* dispatch_semaphore_____.xcdatamodel */ = {isa = PBXFileReference; lastKnownFileType = wrapper.xcdatamodel; path = "dispatch_semaphore_____.xcdatamodel"; sourceTree = "<group>"; };
		04B75A591EC43F61002ECEF7 /* Assets.xcassets */ = {isa = PBXFileReference; lastKnownFileType = folder.assetcatalog; path = Assets.xcassets; sourceTree = "<group>"; };
		04B75A5C1EC43F61002ECEF7 /* Base */ = {isa = PBXFileReference; lastKnownFileType = file.storyboard; name = Base; path = Base.lproj/LaunchScreen.storyboard; sourceTree = "<group>"; };
		04B75A5E1EC43F61002ECEF7 /* Info.plist */ = {isa = PBXFileReference; lastKnownFileType = text.plist.xml; path = Info.plist; sourceTree = "<group>"; };
/* End PBXFileReference section */

/* Begin PBXFrameworksBuildPhase section */
		04B75A441EC43F61002ECEF7 /* Frameworks */ = {
			isa = PBXFrameworksBuildPhase;
			buildActionMask = 2147483647;
			files = (
			);
			runOnlyForDeploymentPostprocessing = 0;
		};
/* End PBXFrameworksBuildPhase section */

/* Begin PBXGroup section */
		04B75A3E1EC43F61002ECEF7 = {
			isa = PBXGroup;
			children = (
				04B75A491EC43F61002ECEF7 /* dispatch_semaphore(信号量） */,
				04B75A481EC43F61002ECEF7 /* Products */,
			);
			sourceTree = "<group>";
		};
		04B75A481EC43F61002ECEF7 /* Products */ = {
			isa = PBXGroup;
			children = (
				04B75A471EC43F61002ECEF7 /* dispatch_semaphore(信号量）.app */,
			);
			name = Products;
			sourceTree = "<group>";
		};
		04B75A491EC43F61002ECEF7 /* dispatch_semaphore(信号量） */ = {
			isa = PBXGroup;
			children = (
				04B75A4D1EC43F61002ECEF7 /* AppDelegate.h */,
				04B75A4E1EC43F61002ECEF7 /* AppDelegate.m */,
				04B75A501EC43F61002ECEF7 /* ViewController.h */,
				04B75A511EC43F61002ECEF7 /* ViewController.m */,
				04B75A531EC43F61002ECEF7 /* Main.storyboard */,
				04B75A591EC43F61002ECEF7 /* Assets.xcassets */,
				04B75A5B1EC43F61002ECEF7 /* LaunchScreen.storyboard */,
				04B75A5E1EC43F61002ECEF7 /* Info.plist */,
				04B75A561EC43F61002ECEF7 /* dispatch_semaphore_____.xcdatamodeld */,
				04B75A4A1EC43F61002ECEF7 /* Supporting Files */,
			);
			path = "dispatch_semaphore(信号量）";
			sourceTree = "<group>";
		};
		04B75A4A1EC43F61002ECEF7 /* Supporting Files */ = {
			isa = PBXGroup;
			children = (
				04B75A4B1EC43F61002ECEF7 /* main.m */,
			);
			name = "Supporting Files";
			sourceTree = "<group>";
		};
/* End PBXGroup section */

/* Begin PBXNativeTarget section */
		04B75A461EC43F61002ECEF7 /* dispatch_semaphore(信号量） */ = {
			isa = PBXNativeTarget;
			buildConfigurationList = 04B75A611EC43F61002ECEF7 /* Build configuration list for PBXNativeTarget "dispatch_semaphore(信号量）" */;
			buildPhases = (
				04B75A431EC43F61002ECEF7 /* Sources */,
				04B75A441EC43F61002ECEF7 /* Frameworks */,
				04B75A451EC43F61002ECEF7 /* Resources */,
			);
			buildRules = (
			);
			dependencies = (
			);
			name = "dispatch_semaphore(信号量）";
			productName = "dispatch_semaphore(信号量）";
			productReference = 04B75A471EC43F61002ECEF7 /* dispatch_semaphore(信号量）.app */;
			productType = "com.apple.product-type.application";
		};
/* End PBXNativeTarget section */

/* Begin PBXProject section */
		04B75A3F1EC43F61002ECEF7 /* Project object */ = {
			isa = PBXProject;
			attributes = {
				LastUpgradeCheck = 0830;
				ORGANIZATIONNAME = mac;
				TargetAttributes = {
					04B75A461EC43F61002ECEF7 = {
						CreatedOnToolsVersion = 8.3;
						ProvisioningStyle = Automatic;
					};
				};
			};
			buildConfigurationList = 04B75A421EC43F61002ECEF7 /* Build configuration list for PBXProject "dispatch_semaphore(信号量）" */;
			compatibilityVersion = "Xcode 3.2";
			developmentRegion = English;
			hasScannedForEncodings = 0;
			knownRegions = (
				en,
				Base,
			);
			mainGroup = 04B75A3E1EC43F61002ECEF7;
			productRefGroup = 04B75A481EC43F61002ECEF7 /* Products */;
			projectDirPath = "";
			projectRoot = "";
			targets = (
				04B75A461EC43F61002ECEF7 /* dispatch_semaphore(信号量） */,
			);
		};
/* End PBXProject section */

/* Begin PBXResourcesBuildPhase section */
		04B75A451EC43F61002ECEF7 /* Resources */ = {
			isa = PBXResourcesBuildPhase;
			buildActionMask = 2147483647;
			files = (
				04B75A5D1EC43F61002ECEF7 /* LaunchScreen.storyboard in Resources */,
				04B75A5A1EC43F61002ECEF7 /* Assets.xcassets in Resources */,
				04B75A551EC43F61002ECEF7 /* Main.storyboard in Resources */,
			);
			runOnlyForDeploymentPostprocessing = 0;
		};
/* End PBXResourcesBuildPhase section */

/* Begin PBXSourcesBuildPhase section */
		04B75A431EC43F61002ECEF7 /* Sources */ = {
			isa = PBXSourcesBuildPhase;
			buildActionMask = 2147483647;
			files = (
				04B75A521EC43F61002ECEF7 /* ViewController.m in Sources */,
				04B75A4F1EC43F61002ECEF7 /* AppDelegate.m in Sources */,
				04B75A581EC43F61002ECEF7 /* dispatch_semaphore_____.xcdatamodeld in Sources */,
				04B75A4C1EC43F61002ECEF7 /* main.m in Sources */,
			);
			runOnlyForDeploymentPostprocessing = 0;
		};
/* End PBXSourcesBuildPhase section */

/* Begin PBXVariantGroup section */
		04B75A531EC43F61002ECEF7 /* Main.storyboard */ = {
			isa = PBXVariantGroup;
			children = (
				04B75A541EC43F61002ECEF7 /* Base */,
			);
			name = Main.storyboard;
			sourceTree = "<group>";
		};
		04B75A5B1EC43F61002ECEF7 /* LaunchScreen.storyboard */ = {
			isa = PBXVariantGroup;
			children = (
				04B75A5C1EC43F61002ECEF7 /* Base */,
			);
			name = LaunchScreen.storyboard;
			sourceTree = "<group>";
		};
/* End PBXVariantGroup section */

/* Begin XCBuildConfiguration section */
		04B75A5F1EC43F61002ECEF7 /* Debug */ = {
			isa = XCBuildConfiguration;
			buildSettings = {
				ALWAYS_SEARCH_USER_PATHS = NO;
				CLANG_ANALYZER_NONNULL = YES;
				CLANG_ANALYZER_NUMBER_OBJECT_CONVERSION = YES_AGGRESSIVE;
				CLANG_CXX_LANGUAGE_STANDARD = "gnu++0x";
				CLANG_CXX_LIBRARY = "libc++";
				CLANG_ENABLE_MODULES = YES;
				CLANG_ENABLE_OBJC_ARC = YES;
				CLANG_WARN_BOOL_CONVERSION = YES;
				CLANG_WARN_CONSTANT_CONVERSION = YES;
				CLANG_WARN_DIRECT_OBJC_ISA_USAGE = YES_ERROR;
				CLANG_WARN_DOCUMENTATION_COMMENTS = YES;
				CLANG_WARN_EMPTY_BODY = YES;
				CLANG_WARN_ENUM_CONVERSION = YES;
				CLANG_WARN_INFINITE_RECURSION = YES;
				CLANG_WARN_INT_CONVERSION = YES;
				CLANG_WARN_OBJC_ROOT_CLASS = YES_ERROR;
				CLANG_WARN_SUSPICIOUS_MOVE = YES;
				CLANG_WARN_UNREACHABLE_CODE = YES;
				CLANG_WARN__DUPLICATE_METHOD_MATCH = YES;
				"CODE_SIGN_IDENTITY[sdk=iphoneos*]" = "iPhone Developer";
				COPY_PHASE_STRIP = NO;
				DEBUG_INFORMATION_FORMAT = dwarf;
				ENABLE_STRICT_OBJC_MSGSEND = YES;
				ENABLE_TESTABILITY = YES;
				GCC_C_LANGUAGE_STANDARD = gnu99;
				GCC_DYNAMIC_NO_PIC = NO;
				GCC_NO_COMMON_BLOCKS = YES;
				GCC_OPTIMIZATION_LEVEL = 0;
				GCC_PREPROCESSOR_DEFINITIONS = (
					"DEBUG=1",
					"$(inherited)",
				);
				GCC_WARN_64_TO_32_BIT_CONVERSION = YES;
				GCC_WARN_ABOUT_RETURN_TYPE = YES_ERROR;
				GCC_WARN_UNDECLARED_SELECTOR = YES;
				GCC_WARN_UNINITIALIZED_AUTOS = YES_AGGRESSIVE;
				GCC_WARN_UNUSED_FUNCTION = YES;
				GCC_WARN_UNUSED_VARIABLE = YES;
				IPHONEOS_DEPLOYMENT_TARGET = 10.3;
				MTL_ENABLE_DEBUG_INFO = YES;
				ONLY_ACTIVE_ARCH = YES;
				SDKROOT = iphoneos;
				TARGETED_DEVICE_FAMILY = "1,2";
			};
			name = Debug;
		};
		04B75A601EC43F61002ECEF7 /* Release */ = {
			isa = XCBuildConfiguration;
			buildSettings = {
				ALWAYS_SEARCH_USER_PATHS = NO;
				CLANG_ANALYZER_NONNULL = YES;
				CLANG_ANALYZER_NUMBER_OBJECT_CONVERSION = YES_AGGRESSIVE;
				CLANG_CXX_LANGUAGE_STANDARD = "gnu++0x";
				CLANG_CXX_LIBRARY = "libc++";
				CLANG_ENABLE_MODULES = YES;
				CLANG_ENABLE_OBJC_ARC = YES;
				CLANG_WARN_BOOL_CONVERSION = YES;
				CLANG_WARN_CONSTANT_CONVERSION = YES;
				CLANG_WARN_DIRECT_OBJC_ISA_USAGE = YES_ERROR;
				CLANG_WARN_DOCUMENTATION_COMMENTS = YES;
				CLANG_WARN_EMPTY_BODY = YES;
				CLANG_WARN_ENUM_CONVERSION = YES;
				CLANG_WARN_INFINITE_RECURSION = YES;
				CLANG_WARN_INT_CONVERSION = YES;
				CLANG_WARN_OBJC_ROOT_CLASS = YES_ERROR;
				CLANG_WARN_SUSPICIOUS_MOVE = YES;
				CLANG_WARN_UNREACHABLE_CODE = YES;
				CLANG_WARN__DUPLICATE_METHOD_MATCH = YES;
				"CODE_SIGN_IDENTITY[sdk=iphoneos*]" = "iPhone Developer";
				COPY_PHASE_STRIP = NO;
				DEBUG_INFORMATION_FORMAT = "dwarf-with-dsym";
				ENABLE_NS_ASSERTIONS = NO;
				ENABLE_STRICT_OBJC_MSGSEND = YES;
				GCC_C_LANGUAGE_STANDARD = gnu99;
				GCC_NO_COMMON_BLOCKS = YES;
				GCC_WARN_64_TO_32_BIT_CONVERSION = YES;
				GCC_WARN_ABOUT_RETURN_TYPE = YES_ERROR;
				GCC_WARN_UNDECLARED_SELECTOR = YES;
				GCC_WARN_UNINITIALIZED_AUTOS = YES_AGGRESSIVE;
				GCC_WARN_UNUSED_FUNCTION = YES;
				GCC_WARN_UNUSED_VARIABLE = YES;
				IPHONEOS_DEPLOYMENT_TARGET = 10.3;
				MTL_ENABLE_DEBUG_INFO = NO;
				SDKROOT = iphoneos;
				TARGETED_DEVICE_FAMILY = "1,2";
				VALIDATE_PRODUCT = YES;
			};
			name = Release;
		};
		04B75A621EC43F61002ECEF7 /* Debug */ = {
			isa = XCBuildConfiguration;
			buildSettings = {
				ASSETCATALOG_COMPILER_APPICON_NAME = AppIcon;
				INFOPLIST_FILE = "dispatch_semaphore(信号量）/Info.plist";
				LD_RUNPATH_SEARCH_PATHS = "$(inherited) @executable_path/Frameworks";
				PRODUCT_BUNDLE_IDENTIFIER = "dd.dispatch-semaphore-----";
				PRODUCT_NAME = "$(TARGET_NAME)";
			};
			name = Debug;
		};
		04B75A631EC43F61002ECEF7 /* Release */ = {
			isa = XCBuildConfiguration;
			buildSettings = {
				ASSETCATALOG_COMPILER_APPICON_NAME = AppIcon;
				INFOPLIST_FILE = "dispatch_semaphore(信号量）/Info.plist";
				LD_RUNPATH_SEARCH_PATHS = "$(inherited) @executable_path/Frameworks";
				PRODUCT_BUNDLE_IDENTIFIER = "dd.dispatch-semaphore-----";
				PRODUCT_NAME = "$(TARGET_NAME)";
			};
			name = Release;
		};
/* End XCBuildConfiguration section */

/* Begin XCConfigurationList section */
		04B75A421EC43F61002ECEF7 /* Build configuration list for PBXProject "dispatch_semaphore(信号量）" */ = {
			isa = XCConfigurationList;
			buildConfigurations = (
				04B75A5F1EC43F61002ECEF7 /* Debug */,
				04B75A601EC43F61002ECEF7 /* Release */,
			);
			defaultConfigurationIsVisible = 0;
			defaultConfigurationName = Release;
		};
		04B75A611EC43F61002ECEF7 /* Build configuration list for PBXNativeTarget "dispatch_semaphore(信号量）" */ = {
			isa = XCConfigurationList;
			buildConfigurations = (
				04B75A621EC43F61002ECEF7 /* Debug */,
				04B75A631EC43F61002ECEF7 /* Release */,
			);
			defaultConfigurationIsVisible = 0;
		};
/* End XCConfigurationList section */

/* Begin XCVersionGroup section */
		04B75A561EC43F61002ECEF7 /* dispatch_semaphore_____.xcdatamodeld */ = {
			isa = XCVersionGroup;
			children = (
				04B75A571EC43F61002ECEF7 /* dispatch_semaphore_____.xcdatamodel */,
			);
			currentVersion = 04B75A571EC43F61002ECEF7 /* dispatch_semaphore_____.xcdatamodel */;
			path = "dispatch_semaphore_____.xcdatamodeld";
			sourceTree = "<group>";
			versionGroupType = wrapper.xcdatamodel;
		};
/* End XCVersionGroup section */
	};
	rootObject = 04B75A3F1EC43F61002ECEF7 /* Project object */;
}
