// !$*UTF8*$!
{
	archiveVersion = 1;
	classes = {
	};
	objectVersion = 46;
	objects = {

/* Begin PBXBuildFile section */
		048ED8DE1D9223A700B60423 /* main.m in Sources */ = {isa = PBXBuildFile; fileRef = 048ED8DD1D9223A700B60423 /* main.m */; };
		048ED8E11D9223A700B60423 /* AppDelegate.m in Sources */ = {isa = PBXBuildFile; fileRef = 048ED8E01D9223A700B60423 /* AppDelegate.m */; };
		048ED8E41D9223A700B60423 /* ViewController.m in Sources */ = {isa = PBXBuildFile; fileRef = 048ED8E31D9223A700B60423 /* ViewController.m */; };
		048ED8E71D9223A700B60423 /* Main.storyboard in Resources */ = {isa = PBXBuildFile; fileRef = 048ED8E51D9223A700B60423 /* Main.storyboard */; };
		048ED8E91D9223A700B60423 /* Assets.xcassets in Resources */ = {isa = PBXBuildFile; fileRef = 048ED8E81D9223A700B60423 /* Assets.xcassets */; };
		048ED8EC1D9223A700B60423 /* LaunchScreen.storyboard in Resources */ = {isa = PBXBuildFile; fileRef = 048ED8EA1D9223A700B60423 /* LaunchScreen.storyboard */; };
		048ED8F71D9223A700B60423 /* __html__Tests.m in Sources */ = {isa = PBXBuildFile; fileRef = 048ED8F61D9223A700B60423 /* __html__Tests.m */; };
		048ED9021D9223A700B60423 /* __html__UITests.m in Sources */ = {isa = PBXBuildFile; fileRef = 048ED9011D9223A700B60423 /* __html__UITests.m */; };
/* End PBXBuildFile section */

/* Begin PBXContainerItemProxy section */
		048ED8F31D9223A700B60423 /* PBXContainerItemProxy */ = {
			isa = PBXContainerItemProxy;
			containerPortal = 048ED8D11D9223A700B60423 /* Project object */;
			proxyType = 1;
			remoteGlobalIDString = 048ED8D81D9223A700B60423;
			remoteInfo = "过滤html代码";
		};
		048ED8FE1D9223A700B60423 /* PBXContainerItemProxy */ = {
			isa = PBXContainerItemProxy;
			containerPortal = 048ED8D11D9223A700B60423 /* Project object */;
			proxyType = 1;
			remoteGlobalIDString = 048ED8D81D9223A700B60423;
			remoteInfo = "过滤html代码";
		};
/* End PBXContainerItemProxy section */

/* Begin PBXFileReference section */
		048ED8D91D9223A700B60423 /* 过滤html代码.app */ = {isa = PBXFileReference; explicitFileType = wrapper.application; includeInIndex = 0; path = "过滤html代码.app"; sourceTree = BUILT_PRODUCTS_DIR; };
		048ED8DD1D9223A700B60423 /* main.m */ = {isa = PBXFileReference; lastKnownFileType = sourcecode.c.objc; path = main.m; sourceTree = "<group>"; };
		048ED8DF1D9223A700B60423 /* AppDelegate.h */ = {isa = PBXFileReference; lastKnownFileType = sourcecode.c.h; path = AppDelegate.h; sourceTree = "<group>"; };
		048ED8E01D9223A700B60423 /* AppDelegate.m */ = {isa = PBXFileReference; lastKnownFileType = sourcecode.c.objc; path = AppDelegate.m; sourceTree = "<group>"; };
		048ED8E21D9223A700B60423 /* ViewController.h */ = {isa = PBXFileReference; lastKnownFileType = sourcecode.c.h; path = ViewController.h; sourceTree = "<group>"; };
		048ED8E31D9223A700B60423 /* ViewController.m */ = {isa = PBXFileReference; lastKnownFileType = sourcecode.c.objc; path = ViewController.m; sourceTree = "<group>"; };
		048ED8E61D9223A700B60423 /* Base */ = {isa = PBXFileReference; lastKnownFileType = file.storyboard; name = Base; path = Base.lproj/Main.storyboard; sourceTree = "<group>"; };
		048ED8E81D9223A700B60423 /* Assets.xcassets */ = {isa = PBXFileReference; lastKnownFileType = folder.assetcatalog; path = Assets.xcassets; sourceTree = "<group>"; };
		048ED8EB1D9223A700B60423 /* Base */ = {isa = PBXFileReference; lastKnownFileType = file.storyboard; name = Base; path = Base.lproj/LaunchScreen.storyboard; sourceTree = "<group>"; };
		048ED8ED1D9223A700B60423 /* Info.plist */ = {isa = PBXFileReference; lastKnownFileType = text.plist.xml; path = Info.plist; sourceTree = "<group>"; };
		048ED8F21D9223A700B60423 /* 过滤html代码Tests.xctest */ = {isa = PBXFileReference; explicitFileType = wrapper.cfbundle; includeInIndex = 0; path = "过滤html代码Tests.xctest"; sourceTree = BUILT_PRODUCTS_DIR; };
		048ED8F61D9223A700B60423 /* __html__Tests.m */ = {isa = PBXFileReference; lastKnownFileType = sourcecode.c.objc; path = __html__Tests.m; sourceTree = "<group>"; };
		048ED8F81D9223A700B60423 /* Info.plist */ = {isa = PBXFileReference; lastKnownFileType = text.plist.xml; path = Info.plist; sourceTree = "<group>"; };
		048ED8FD1D9223A700B60423 /* 过滤html代码UITests.xctest */ = {isa = PBXFileReference; explicitFileType = wrapper.cfbundle; includeInIndex = 0; path = "过滤html代码UITests.xctest"; sourceTree = BUILT_PRODUCTS_DIR; };
		048ED9011D9223A700B60423 /* __html__UITests.m */ = {isa = PBXFileReference; lastKnownFileType = sourcecode.c.objc; path = __html__UITests.m; sourceTree = "<group>"; };
		048ED9031D9223A700B60423 /* Info.plist */ = {isa = PBXFileReference; lastKnownFileType = text.plist.xml; path = Info.plist; sourceTree = "<group>"; };
/* End PBXFileReference section */

/* Begin PBXFrameworksBuildPhase section */
		048ED8D61D9223A700B60423 /* Frameworks */ = {
			isa = PBXFrameworksBuildPhase;
			buildActionMask = 2147483647;
			files = (
			);
			runOnlyForDeploymentPostprocessing = 0;
		};
		048ED8EF1D9223A700B60423 /* Frameworks */ = {
			isa = PBXFrameworksBuildPhase;
			buildActionMask = 2147483647;
			files = (
			);
			runOnlyForDeploymentPostprocessing = 0;
		};
		048ED8FA1D9223A700B60423 /* Frameworks */ = {
			isa = PBXFrameworksBuildPhase;
			buildActionMask = 2147483647;
			files = (
			);
			runOnlyForDeploymentPostprocessing = 0;
		};
/* End PBXFrameworksBuildPhase section */

/* Begin PBXGroup section */
		048ED8D01D9223A700B60423 = {
			isa = PBXGroup;
			children = (
				048ED8DB1D9223A700B60423 /* 过滤html代码 */,
				048ED8F51D9223A700B60423 /* 过滤html代码Tests */,
				048ED9001D9223A700B60423 /* 过滤html代码UITests */,
				048ED8DA1D9223A700B60423 /* Products */,
			);
			sourceTree = "<group>";
		};
		048ED8DA1D9223A700B60423 /* Products */ = {
			isa = PBXGroup;
			children = (
				048ED8D91D9223A700B60423 /* 过滤html代码.app */,
				048ED8F21D9223A700B60423 /* 过滤html代码Tests.xctest */,
				048ED8FD1D9223A700B60423 /* 过滤html代码UITests.xctest */,
			);
			name = Products;
			sourceTree = "<group>";
		};
		048ED8DB1D9223A700B60423 /* 过滤html代码 */ = {
			isa = PBXGroup;
			children = (
				048ED8DF1D9223A700B60423 /* AppDelegate.h */,
				048ED8E01D9223A700B60423 /* AppDelegate.m */,
				048ED8E21D9223A700B60423 /* ViewController.h */,
				048ED8E31D9223A700B60423 /* ViewController.m */,
				048ED8E51D9223A700B60423 /* Main.storyboard */,
				048ED8E81D9223A700B60423 /* Assets.xcassets */,
				048ED8EA1D9223A700B60423 /* LaunchScreen.storyboard */,
				048ED8ED1D9223A700B60423 /* Info.plist */,
				048ED8DC1D9223A700B60423 /* Supporting Files */,
			);
			path = "过滤html代码";
			sourceTree = "<group>";
		};
		048ED8DC1D9223A700B60423 /* Supporting Files */ = {
			isa = PBXGroup;
			children = (
				048ED8DD1D9223A700B60423 /* main.m */,
			);
			name = "Supporting Files";
			sourceTree = "<group>";
		};
		048ED8F51D9223A700B60423 /* 过滤html代码Tests */ = {
			isa = PBXGroup;
			children = (
				048ED8F61D9223A700B60423 /* __html__Tests.m */,
				048ED8F81D9223A700B60423 /* Info.plist */,
			);
			path = "过滤html代码Tests";
			sourceTree = "<group>";
		};
		048ED9001D9223A700B60423 /* 过滤html代码UITests */ = {
			isa = PBXGroup;
			children = (
				048ED9011D9223A700B60423 /* __html__UITests.m */,
				048ED9031D9223A700B60423 /* Info.plist */,
			);
			path = "过滤html代码UITests";
			sourceTree = "<group>";
		};
/* End PBXGroup section */

/* Begin PBXNativeTarget section */
		048ED8D81D9223A700B60423 /* 过滤html代码 */ = {
			isa = PBXNativeTarget;
			buildConfigurationList = 048ED9061D9223A700B60423 /* Build configuration list for PBXNativeTarget "过滤html代码" */;
			buildPhases = (
				048ED8D51D9223A700B60423 /* Sources */,
				048ED8D61D9223A700B60423 /* Frameworks */,
				048ED8D71D9223A700B60423 /* Resources */,
			);
			buildRules = (
			);
			dependencies = (
			);
			name = "过滤html代码";
			productName = "过滤html代码";
			productReference = 048ED8D91D9223A700B60423 /* 过滤html代码.app */;
			productType = "com.apple.product-type.application";
		};
		048ED8F11D9223A700B60423 /* 过滤html代码Tests */ = {
			isa = PBXNativeTarget;
			buildConfigurationList = 048ED9091D9223A700B60423 /* Build configuration list for PBXNativeTarget "过滤html代码Tests" */;
			buildPhases = (
				048ED8EE1D9223A700B60423 /* Sources */,
				048ED8EF1D9223A700B60423 /* Frameworks */,
				048ED8F01D9223A700B60423 /* Resources */,
			);
			buildRules = (
			);
			dependencies = (
				048ED8F41D9223A700B60423 /* PBXTargetDependency */,
			);
			name = "过滤html代码Tests";
			productName = "过滤html代码Tests";
			productReference = 048ED8F21D9223A700B60423 /* 过滤html代码Tests.xctest */;
			productType = "com.apple.product-type.bundle.unit-test";
		};
		048ED8FC1D9223A700B60423 /* 过滤html代码UITests */ = {
			isa = PBXNativeTarget;
			buildConfigurationList = 048ED90C1D9223A700B60423 /* Build configuration list for PBXNativeTarget "过滤html代码UITests" */;
			buildPhases = (
				048ED8F91D9223A700B60423 /* Sources */,
				048ED8FA1D9223A700B60423 /* Frameworks */,
				048ED8FB1D9223A700B60423 /* Resources */,
			);
			buildRules = (
			);
			dependencies = (
				048ED8FF1D9223A700B60423 /* PBXTargetDependency */,
			);
			name = "过滤html代码UITests";
			productName = "过滤html代码UITests";
			productReference = 048ED8FD1D9223A700B60423 /* 过滤html代码UITests.xctest */;
			productType = "com.apple.product-type.bundle.ui-testing";
		};
/* End PBXNativeTarget section */

/* Begin PBXProject section */
		048ED8D11D9223A700B60423 /* Project object */ = {
			isa = PBXProject;
			attributes = {
				LastUpgradeCheck = 0730;
				ORGANIZATIONNAME = mac;
				TargetAttributes = {
					048ED8D81D9223A700B60423 = {
						CreatedOnToolsVersion = 7.3.1;
					};
					048ED8F11D9223A700B60423 = {
						CreatedOnToolsVersion = 7.3.1;
						TestTargetID = 048ED8D81D9223A700B60423;
					};
					048ED8FC1D9223A700B60423 = {
						CreatedOnToolsVersion = 7.3.1;
						TestTargetID = 048ED8D81D9223A700B60423;
					};
				};
			};
			buildConfigurationList = 048ED8D41D9223A700B60423 /* Build configuration list for PBXProject "过滤html代码" */;
			compatibilityVersion = "Xcode 3.2";
			developmentRegion = English;
			hasScannedForEncodings = 0;
			knownRegions = (
				en,
				Base,
			);
			mainGroup = 048ED8D01D9223A700B60423;
			productRefGroup = 048ED8DA1D9223A700B60423 /* Products */;
			projectDirPath = "";
			projectRoot = "";
			targets = (
				048ED8D81D9223A700B60423 /* 过滤html代码 */,
				048ED8F11D9223A700B60423 /* 过滤html代码Tests */,
				048ED8FC1D9223A700B60423 /* 过滤html代码UITests */,
			);
		};
/* End PBXProject section */

/* Begin PBXResourcesBuildPhase section */
		048ED8D71D9223A700B60423 /* Resources */ = {
			isa = PBXResourcesBuildPhase;
			buildActionMask = 2147483647;
			files = (
				048ED8EC1D9223A700B60423 /* LaunchScreen.storyboard in Resources */,
				048ED8E91D9223A700B60423 /* Assets.xcassets in Resources */,
				048ED8E71D9223A700B60423 /* Main.storyboard in Resources */,
			);
			runOnlyForDeploymentPostprocessing = 0;
		};
		048ED8F01D9223A700B60423 /* Resources */ = {
			isa = PBXResourcesBuildPhase;
			buildActionMask = 2147483647;
			files = (
			);
			runOnlyForDeploymentPostprocessing = 0;
		};
		048ED8FB1D9223A700B60423 /* Resources */ = {
			isa = PBXResourcesBuildPhase;
			buildActionMask = 2147483647;
			files = (
			);
			runOnlyForDeploymentPostprocessing = 0;
		};
/* End PBXResourcesBuildPhase section */

/* Begin PBXSourcesBuildPhase section */
		048ED8D51D9223A700B60423 /* Sources */ = {
			isa = PBXSourcesBuildPhase;
			buildActionMask = 2147483647;
			files = (
				048ED8E41D9223A700B60423 /* ViewController.m in Sources */,
				048ED8E11D9223A700B60423 /* AppDelegate.m in Sources */,
				048ED8DE1D9223A700B60423 /* main.m in Sources */,
			);
			runOnlyForDeploymentPostprocessing = 0;
		};
		048ED8EE1D9223A700B60423 /* Sources */ = {
			isa = PBXSourcesBuildPhase;
			buildActionMask = 2147483647;
			files = (
				048ED8F71D9223A700B60423 /* __html__Tests.m in Sources */,
			);
			runOnlyForDeploymentPostprocessing = 0;
		};
		048ED8F91D9223A700B60423 /* Sources */ = {
			isa = PBXSourcesBuildPhase;
			buildActionMask = 2147483647;
			files = (
				048ED9021D9223A700B60423 /* __html__UITests.m in Sources */,
			);
			runOnlyForDeploymentPostprocessing = 0;
		};
/* End PBXSourcesBuildPhase section */

/* Begin PBXTargetDependency section */
		048ED8F41D9223A700B60423 /* PBXTargetDependency */ = {
			isa = PBXTargetDependency;
			target = 048ED8D81D9223A700B60423 /* 过滤html代码 */;
			targetProxy = 048ED8F31D9223A700B60423 /* PBXContainerItemProxy */;
		};
		048ED8FF1D9223A700B60423 /* PBXTargetDependency */ = {
			isa = PBXTargetDependency;
			target = 048ED8D81D9223A700B60423 /* 过滤html代码 */;
			targetProxy = 048ED8FE1D9223A700B60423 /* PBXContainerItemProxy */;
		};
/* End PBXTargetDependency section */

/* Begin PBXVariantGroup section */
		048ED8E51D9223A700B60423 /* Main.storyboard */ = {
			isa = PBXVariantGroup;
			children = (
				048ED8E61D9223A700B60423 /* Base */,
			);
			name = Main.storyboard;
			sourceTree = "<group>";
		};
		048ED8EA1D9223A700B60423 /* LaunchScreen.storyboard */ = {
			isa = PBXVariantGroup;
			children = (
				048ED8EB1D9223A700B60423 /* Base */,
			);
			name = LaunchScreen.storyboard;
			sourceTree = "<group>";
		};
/* End PBXVariantGroup section */

/* Begin XCBuildConfiguration section */
		048ED9041D9223A700B60423 /* Debug */ = {
			isa = XCBuildConfiguration;
			buildSettings = {
				ALWAYS_SEARCH_USER_PATHS = NO;
				CLANG_ANALYZER_NONNULL = YES;
				CLANG_CXX_LANGUAGE_STANDARD = "gnu++0x";
				CLANG_CXX_LIBRARY = "libc++";
				CLANG_ENABLE_MODULES = YES;
				CLANG_ENABLE_OBJC_ARC = YES;
				CLANG_WARN_BOOL_CONVERSION = YES;
				CLANG_WARN_CONSTANT_CONVERSION = YES;
				CLANG_WARN_DIRECT_OBJC_ISA_USAGE = YES_ERROR;
				CLANG_WARN_EMPTY_BODY = YES;
				CLANG_WARN_ENUM_CONVERSION = YES;
				CLANG_WARN_INT_CONVERSION = YES;
				CLANG_WARN_OBJC_ROOT_CLASS = YES_ERROR;
				CLANG_WARN_UNREACHABLE_CODE = YES;
				CLANG_WARN__DUPLICATE_METHOD_MATCH = YES;
				"CODE_SIGN_IDENTITY[sdk=iphoneos*]" = "iPhone Developer";
				COPY_PHASE_STRIP = NO;
				DEBUG_INFORMATION_FORMAT = dwarf;
				ENABLE_STRICT_OBJC_MSGSEND = YES;
				ENABLE_TESTABILITY = YES;
				GCC_C_LANGUAGE_STANDARD = gnu99;
				GCC_DYNAMIC_NO_PIC = NO;
				GCC_NO_COMMON_BLOCKS = YES;
				GCC_OPTIMIZATION_LEVEL = 0;
				GCC_PREPROCESSOR_DEFINITIONS = (
					"DEBUG=1",
					"$(inherited)",
				);
				GCC_WARN_64_TO_32_BIT_CONVERSION = YES;
				GCC_WARN_ABOUT_RETURN_TYPE = YES_ERROR;
				GCC_WARN_UNDECLARED_SELECTOR = YES;
				GCC_WARN_UNINITIALIZED_AUTOS = YES_AGGRESSIVE;
				GCC_WARN_UNUSED_FUNCTION = YES;
				GCC_WARN_UNUSED_VARIABLE = YES;
				IPHONEOS_DEPLOYMENT_TARGET = 9.3;
				MTL_ENABLE_DEBUG_INFO = YES;
				ONLY_ACTIVE_ARCH = YES;
				SDKROOT = iphoneos;
				TARGETED_DEVICE_FAMILY = "1,2";
			};
			name = Debug;
		};
		048ED9051D9223A700B60423 /* Release */ = {
			isa = XCBuildConfiguration;
			buildSettings = {
				ALWAYS_SEARCH_USER_PATHS = NO;
				CLANG_ANALYZER_NONNULL = YES;
				CLANG_CXX_LANGUAGE_STANDARD = "gnu++0x";
				CLANG_CXX_LIBRARY = "libc++";
				CLANG_ENABLE_MODULES = YES;
				CLANG_ENABLE_OBJC_ARC = YES;
				CLANG_WARN_BOOL_CONVERSION = YES;
				CLANG_WARN_CONSTANT_CONVERSION = YES;
				CLANG_WARN_DIRECT_OBJC_ISA_USAGE = YES_ERROR;
				CLANG_WARN_EMPTY_BODY = YES;
				CLANG_WARN_ENUM_CONVERSION = YES;
				CLANG_WARN_INT_CONVERSION = YES;
				CLANG_WARN_OBJC_ROOT_CLASS = YES_ERROR;
				CLANG_WARN_UNREACHABLE_CODE = YES;
				CLANG_WARN__DUPLICATE_METHOD_MATCH = YES;
				"CODE_SIGN_IDENTITY[sdk=iphoneos*]" = "iPhone Developer";
				COPY_PHASE_STRIP = NO;
				DEBUG_INFORMATION_FORMAT = "dwarf-with-dsym";
				ENABLE_NS_ASSERTIONS = NO;
				ENABLE_STRICT_OBJC_MSGSEND = YES;
				GCC_C_LANGUAGE_STANDARD = gnu99;
				GCC_NO_COMMON_BLOCKS = YES;
				GCC_WARN_64_TO_32_BIT_CONVERSION = YES;
				GCC_WARN_ABOUT_RETURN_TYPE = YES_ERROR;
				GCC_WARN_UNDECLARED_SELECTOR = YES;
				GCC_WARN_UNINITIALIZED_AUTOS = YES_AGGRESSIVE;
				GCC_WARN_UNUSED_FUNCTION = YES;
				GCC_WARN_UNUSED_VARIABLE = YES;
				IPHONEOS_DEPLOYMENT_TARGET = 9.3;
				MTL_ENABLE_DEBUG_INFO = NO;
				SDKROOT = iphoneos;
				TARGETED_DEVICE_FAMILY = "1,2";
				VALIDATE_PRODUCT = YES;
			};
			name = Release;
		};
		048ED9071D9223A700B60423 /* Debug */ = {
			isa = XCBuildConfiguration;
			buildSettings = {
				ASSETCATALOG_COMPILER_APPICON_NAME = AppIcon;
				INFOPLIST_FILE = "过滤html代码/Info.plist";
				LD_RUNPATH_SEARCH_PATHS = "$(inherited) @executable_path/Frameworks";
				PRODUCT_BUNDLE_IDENTIFIER = "dd.--html--";
				PRODUCT_NAME = "$(TARGET_NAME)";
			};
			name = Debug;
		};
		048ED9081D9223A700B60423 /* Release */ = {
			isa = XCBuildConfiguration;
			buildSettings = {
				ASSETCATALOG_COMPILER_APPICON_NAME = AppIcon;
				INFOPLIST_FILE = "过滤html代码/Info.plist";
				LD_RUNPATH_SEARCH_PATHS = "$(inherited) @executable_path/Frameworks";
				PRODUCT_BUNDLE_IDENTIFIER = "dd.--html--";
				PRODUCT_NAME = "$(TARGET_NAME)";
			};
			name = Release;
		};
		048ED90A1D9223A700B60423 /* Debug */ = {
			isa = XCBuildConfiguration;
			buildSettings = {
				BUNDLE_LOADER = "$(TEST_HOST)";
				INFOPLIST_FILE = "过滤html代码Tests/Info.plist";
				LD_RUNPATH_SEARCH_PATHS = "$(inherited) @executable_path/Frameworks @loader_path/Frameworks";
				PRODUCT_BUNDLE_IDENTIFIER = "dd.--html--Tests";
				PRODUCT_NAME = "$(TARGET_NAME)";
				TEST_HOST = "$(BUILT_PRODUCTS_DIR)/过滤html代码.app/过滤html代码";
			};
			name = Debug;
		};
		048ED90B1D9223A700B60423 /* Release */ = {
			isa = XCBuildConfiguration;
			buildSettings = {
				BUNDLE_LOADER = "$(TEST_HOST)";
				INFOPLIST_FILE = "过滤html代码Tests/Info.plist";
				LD_RUNPATH_SEARCH_PATHS = "$(inherited) @executable_path/Frameworks @loader_path/Frameworks";
				PRODUCT_BUNDLE_IDENTIFIER = "dd.--html--Tests";
				PRODUCT_NAME = "$(TARGET_NAME)";
				TEST_HOST = "$(BUILT_PRODUCTS_DIR)/过滤html代码.app/过滤html代码";
			};
			name = Release;
		};
		048ED90D1D9223A700B60423 /* Debug */ = {
			isa = XCBuildConfiguration;
			buildSettings = {
				INFOPLIST_FILE = "过滤html代码UITests/Info.plist";
				LD_RUNPATH_SEARCH_PATHS = "$(inherited) @executable_path/Frameworks @loader_path/Frameworks";
				PRODUCT_BUNDLE_IDENTIFIER = "dd.--html--UITests";
				PRODUCT_NAME = "$(TARGET_NAME)";
				TEST_TARGET_NAME = "过滤html代码";
			};
			name = Debug;
		};
		048ED90E1D9223A700B60423 /* Release */ = {
			isa = XCBuildConfiguration;
			buildSettings = {
				INFOPLIST_FILE = "过滤html代码UITests/Info.plist";
				LD_RUNPATH_SEARCH_PATHS = "$(inherited) @executable_path/Frameworks @loader_path/Frameworks";
				PRODUCT_BUNDLE_IDENTIFIER = "dd.--html--UITests";
				PRODUCT_NAME = "$(TARGET_NAME)";
				TEST_TARGET_NAME = "过滤html代码";
			};
			name = Release;
		};
/* End XCBuildConfiguration section */

/* Begin XCConfigurationList section */
		048ED8D41D9223A700B60423 /* Build configuration list for PBXProject "过滤html代码" */ = {
			isa = XCConfigurationList;
			buildConfigurations = (
				048ED9041D9223A700B60423 /* Debug */,
				048ED9051D9223A700B60423 /* Release */,
			);
			defaultConfigurationIsVisible = 0;
			defaultConfigurationName = Release;
		};
		048ED9061D9223A700B60423 /* Build configuration list for PBXNativeTarget "过滤html代码" */ = {
			isa = XCConfigurationList;
			buildConfigurations = (
				048ED9071D9223A700B60423 /* Debug */,
				048ED9081D9223A700B60423 /* Release */,
			);
			defaultConfigurationIsVisible = 0;
		};
		048ED9091D9223A700B60423 /* Build configuration list for PBXNativeTarget "过滤html代码Tests" */ = {
			isa = XCConfigurationList;
			buildConfigurations = (
				048ED90A1D9223A700B60423 /* Debug */,
				048ED90B1D9223A700B60423 /* Release */,
			);
			defaultConfigurationIsVisible = 0;
		};
		048ED90C1D9223A700B60423 /* Build configuration list for PBXNativeTarget "过滤html代码UITests" */ = {
			isa = XCConfigurationList;
			buildConfigurations = (
				048ED90D1D9223A700B60423 /* Debug */,
				048ED90E1D9223A700B60423 /* Release */,
			);
			defaultConfigurationIsVisible = 0;
		};
/* End XCConfigurationList section */
	};
	rootObject = 048ED8D11D9223A700B60423 /* Project object */;
}
